
Microsoft Visual Studio Solution File, Format Version 12.00
# Visual Studio 14
VisualStudioVersion = 14.0.25123.0
MinimumVisualStudioVersion = 10.0.40219.1
Project("{FAE04EC0-301F-11D3-BF4B-00C04F79EFBC}") = "GifView", "GifView\GifView\GifView.csproj", "{0F8FBB38-0560-4DF8-A2FB-EA979C88556D}"
EndProject
Project("{FAE04EC0-301F-11D3-BF4B-00C04F79EFBC}") = "GifView.Droid", "GifView\GifView.Droid\GifView.Droid.csproj", "{9955B4EB-452D-4F16-8330-013AA858ED18}"
EndProject
Project("{FAE04EC0-301F-11D3-BF4B-00C04F79EFBC}") = "GifView.iOS", "GifView\GifView.iOS\GifView.iOS.csproj", "{B1E2EE18-44FE-44E6-9AF8-2DB6967FBEE8}"
EndProject
Project("{FAE04EC0-301F-11D3-BF4B-00C04F79EFBC}") = "GifView.WinPhone", "GifView\GifView.WinPhone\GifView.WinPhone.csproj", "{B7E6E657-D931-4B5A-B135-4DE68ACC0251}"
EndProject
Project("{FAE04EC0-301F-11D3-BF4B-00C04F79EFBC}") = "GifView.Windows", "GifView\GifView.Windows\GifView.Windows.csproj", "{12E214EE-C3E1-4B23-BCB5-FFC996661E74}"
EndProject
Global
	GlobalSection(SolutionConfigurationPlatforms) = preSolution
		Ad-Hoc|Any CPU = Ad-Hoc|Any CPU
		Ad-Hoc|ARM = Ad-Hoc|ARM
		Ad-Hoc|iPhone = Ad-Hoc|iPhone
		Ad-Hoc|iPhoneSimulator = Ad-Hoc|iPhoneSimulator
		Ad-Hoc|x64 = Ad-Hoc|x64
		Ad-Hoc|x86 = Ad-Hoc|x86
		AppStore|Any CPU = AppStore|Any CPU
		AppStore|ARM = AppStore|ARM
		AppStore|iPhone = AppStore|iPhone
		AppStore|iPhoneSimulator = AppStore|iPhoneSimulator
		AppStore|x64 = AppStore|x64
		AppStore|x86 = AppStore|x86
		Debug|Any CPU = Debug|Any CPU
		Debug|ARM = Debug|ARM
		Debug|iPhone = Debug|iPhone
		Debug|iPhoneSimulator = Debug|iPhoneSimulator
		Debug|x64 = Debug|x64
		Debug|x86 = Debug|x86
		Release|Any CPU = Release|Any CPU
		Release|ARM = Release|ARM
		Release|iPhone = Release|iPhone
		Release|iPhoneSimulator = Release|iPhoneSimulator
		Release|x64 = Release|x64
		Release|x86 = Release|x86
	EndGlobalSection
	GlobalSection(ProjectConfigurationPlatforms) = postSolution
		{0F8FBB38-0560-4DF8-A2FB-EA979C88556D}.Ad-Hoc|Any CPU.ActiveCfg = Release|Any CPU
		{0F8FBB38-0560-4DF8-A2FB-EA979C88556D}.Ad-Hoc|Any CPU.Build.0 = Release|Any CPU
		{0F8FBB38-0560-4DF8-A2FB-EA979C88556D}.Ad-Hoc|ARM.ActiveCfg = Release|Any CPU
		{0F8FBB38-0560-4DF8-A2FB-EA979C88556D}.Ad-Hoc|ARM.Build.0 = Release|Any CPU
		{0F8FBB38-0560-4DF8-A2FB-EA979C88556D}.Ad-Hoc|iPhone.ActiveCfg = Release|Any CPU
		{0F8FBB38-0560-4DF8-A2FB-EA979C88556D}.Ad-Hoc|iPhone.Build.0 = Release|Any CPU
		{0F8FBB38-0560-4DF8-A2FB-EA979C88556D}.Ad-Hoc|iPhoneSimulator.ActiveCfg = Release|Any CPU
		{0F8FBB38-0560-4DF8-A2FB-EA979C88556D}.Ad-Hoc|iPhoneSimulator.Build.0 = Release|Any CPU
		{0F8FBB38-0560-4DF8-A2FB-EA979C88556D}.Ad-Hoc|x64.ActiveCfg = Release|Any CPU
		{0F8FBB38-0560-4DF8-A2FB-EA979C88556D}.Ad-Hoc|x64.Build.0 = Release|Any CPU
		{0F8FBB38-0560-4DF8-A2FB-EA979C88556D}.Ad-Hoc|x86.ActiveCfg = Release|Any CPU
		{0F8FBB38-0560-4DF8-A2FB-EA979C88556D}.Ad-Hoc|x86.Build.0 = Release|Any CPU
		{0F8FBB38-0560-4DF8-A2FB-EA979C88556D}.AppStore|Any CPU.ActiveCfg = Release|Any CPU
		{0F8FBB38-0560-4DF8-A2FB-EA979C88556D}.AppStore|Any CPU.Build.0 = Release|Any CPU
		{0F8FBB38-0560-4DF8-A2FB-EA979C88556D}.AppStore|ARM.ActiveCfg = Release|Any CPU
		{0F8FBB38-0560-4DF8-A2FB-EA979C88556D}.AppStore|ARM.Build.0 = Release|Any CPU
		{0F8FBB38-0560-4DF8-A2FB-EA979C88556D}.AppStore|iPhone.ActiveCfg = Release|Any CPU
		{0F8FBB38-0560-4DF8-A2FB-EA979C88556D}.AppStore|iPhone.Build.0 = Release|Any CPU
		{0F8FBB38-0560-4DF8-A2FB-EA979C88556D}.AppStore|iPhoneSimulator.ActiveCfg = Release|Any CPU
		{0F8FBB38-0560-4DF8-A2FB-EA979C88556D}.AppStore|iPhoneSimulator.Build.0 = Release|Any CPU
		{0F8FBB38-0560-4DF8-A2FB-EA979C88556D}.AppStore|x64.ActiveCfg = Release|Any CPU
		{0F8FBB38-0560-4DF8-A2FB-EA979C88556D}.AppStore|x64.Build.0 = Release|Any CPU
		{0F8FBB38-0560-4DF8-A2FB-EA979C88556D}.AppStore|x86.ActiveCfg = Release|Any CPU
		{0F8FBB38-0560-4DF8-A2FB-EA979C88556D}.AppStore|x86.Build.0 = Release|Any CPU
		{0F8FBB38-0560-4DF8-A2FB-EA979C88556D}.Debug|Any CPU.ActiveCfg = Debug|Any CPU
		{0F8FBB38-0560-4DF8-A2FB-EA979C88556D}.Debug|Any CPU.Build.0 = Debug|Any CPU
		{0F8FBB38-0560-4DF8-A2FB-EA979C88556D}.Debug|ARM.ActiveCfg = Debug|Any CPU
		{0F8FBB38-0560-4DF8-A2FB-EA979C88556D}.Debug|ARM.Build.0 = Debug|Any CPU
		{0F8FBB38-0560-4DF8-A2FB-EA979C88556D}.Debug|iPhone.ActiveCfg = Debug|Any CPU
		{0F8FBB38-0560-4DF8-A2FB-EA979C88556D}.Debug|iPhone.Build.0 = Debug|Any CPU
		{0F8FBB38-0560-4DF8-A2FB-EA979C88556D}.Debug|iPhoneSimulator.ActiveCfg = Debug|Any CPU
		{0F8FBB38-0560-4DF8-A2FB-EA979C88556D}.Debug|iPhoneSimulator.Build.0 = Debug|Any CPU
		{0F8FBB38-0560-4DF8-A2FB-EA979C88556D}.Debug|x64.ActiveCfg = Debug|Any CPU
		{0F8FBB38-0560-4DF8-A2FB-EA979C88556D}.Debug|x64.Build.0 = Debug|Any CPU
		{0F8FBB38-0560-4DF8-A2FB-EA979C88556D}.Debug|x86.ActiveCfg = Debug|Any CPU
		{0F8FBB38-0560-4DF8-A2FB-EA979C88556D}.Debug|x86.Build.0 = Debug|Any CPU
		{0F8FBB38-0560-4DF8-A2FB-EA979C88556D}.Release|Any CPU.ActiveCfg = Release|Any CPU
		{0F8FBB38-0560-4DF8-A2FB-EA979C88556D}.Release|Any CPU.Build.0 = Release|Any CPU
		{0F8FBB38-0560-4DF8-A2FB-EA979C88556D}.Release|ARM.ActiveCfg = Release|Any CPU
		{0F8FBB38-0560-4DF8-A2FB-EA979C88556D}.Release|ARM.Build.0 = Release|Any CPU
		{0F8FBB38-0560-4DF8-A2FB-EA979C88556D}.Release|iPhone.ActiveCfg = Release|Any CPU
		{0F8FBB38-0560-4DF8-A2FB-EA979C88556D}.Release|iPhone.Build.0 = Release|Any CPU
		{0F8FBB38-0560-4DF8-A2FB-EA979C88556D}.Release|iPhoneSimulator.ActiveCfg = Release|Any CPU
		{0F8FBB38-0560-4DF8-A2FB-EA979C88556D}.Release|iPhoneSimulator.Build.0 = Release|Any CPU
		{0F8FBB38-0560-4DF8-A2FB-EA979C88556D}.Release|x64.ActiveCfg = Release|Any CPU
		{0F8FBB38-0560-4DF8-A2FB-EA979C88556D}.Release|x64.Build.0 = Release|Any CPU
		{0F8FBB38-0560-4DF8-A2FB-EA979C88556D}.Release|x86.ActiveCfg = Release|Any CPU
		{0F8FBB38-0560-4DF8-A2FB-EA979C88556D}.Release|x86.Build.0 = Release|Any CPU
		{9955B4EB-452D-4F16-8330-013AA858ED18}.Ad-Hoc|Any CPU.ActiveCfg = Release|Any CPU
		{9955B4EB-452D-4F16-8330-013AA858ED18}.Ad-Hoc|Any CPU.Build.0 = Release|Any CPU
		{9955B4EB-452D-4F16-8330-013AA858ED18}.Ad-Hoc|Any CPU.Deploy.0 = Release|Any CPU
		{9955B4EB-452D-4F16-8330-013AA858ED18}.Ad-Hoc|ARM.ActiveCfg = Release|Any CPU
		{9955B4EB-452D-4F16-8330-013AA858ED18}.Ad-Hoc|ARM.Build.0 = Release|Any CPU
		{9955B4EB-452D-4F16-8330-013AA858ED18}.Ad-Hoc|ARM.Deploy.0 = Release|Any CPU
		{9955B4EB-452D-4F16-8330-013AA858ED18}.Ad-Hoc|iPhone.ActiveCfg = Release|Any CPU
		{9955B4EB-452D-4F16-8330-013AA858ED18}.Ad-Hoc|iPhone.Build.0 = Release|Any CPU
		{9955B4EB-452D-4F16-8330-013AA858ED18}.Ad-Hoc|iPhone.Deploy.0 = Release|Any CPU
		{9955B4EB-452D-4F16-8330-013AA858ED18}.Ad-Hoc|iPhoneSimulator.ActiveCfg = Release|Any CPU
		{9955B4EB-452D-4F16-8330-013AA858ED18}.Ad-Hoc|iPhoneSimulator.Build.0 = Release|Any CPU
		{9955B4EB-452D-4F16-8330-013AA858ED18}.Ad-Hoc|iPhoneSimulator.Deploy.0 = Release|Any CPU
		{9955B4EB-452D-4F16-8330-013AA858ED18}.Ad-Hoc|x64.ActiveCfg = Release|Any CPU
		{9955B4EB-452D-4F16-8330-013AA858ED18}.Ad-Hoc|x64.Build.0 = Release|Any CPU
		{9955B4EB-452D-4F16-8330-013AA858ED18}.Ad-Hoc|x64.Deploy.0 = Release|Any CPU
		{9955B4EB-452D-4F16-8330-013AA858ED18}.Ad-Hoc|x86.ActiveCfg = Release|Any CPU
		{9955B4EB-452D-4F16-8330-013AA858ED18}.Ad-Hoc|x86.Build.0 = Release|Any CPU
		{9955B4EB-452D-4F16-8330-013AA858ED18}.Ad-Hoc|x86.Deploy.0 = Release|Any CPU
		{9955B4EB-452D-4F16-8330-013AA858ED18}.AppStore|Any CPU.ActiveCfg = Release|Any CPU
		{9955B4EB-452D-4F16-8330-013AA858ED18}.AppStore|Any CPU.Build.0 = Release|Any CPU
		{9955B4EB-452D-4F16-8330-013AA858ED18}.AppStore|Any CPU.Deploy.0 = Release|Any CPU
		{9955B4EB-452D-4F16-8330-013AA858ED18}.AppStore|ARM.ActiveCfg = Release|Any CPU
		{9955B4EB-452D-4F16-8330-013AA858ED18}.AppStore|ARM.Build.0 = Release|Any CPU
		{9955B4EB-452D-4F16-8330-013AA858ED18}.AppStore|ARM.Deploy.0 = Release|Any CPU
		{9955B4EB-452D-4F16-8330-013AA858ED18}.AppStore|iPhone.ActiveCfg = Release|Any CPU
		{9955B4EB-452D-4F16-8330-013AA858ED18}.AppStore|iPhone.Build.0 = Release|Any CPU
		{9955B4EB-452D-4F16-8330-013AA858ED18}.AppStore|iPhone.Deploy.0 = Release|Any CPU
		{9955B4EB-452D-4F16-8330-013AA858ED18}.AppStore|iPhoneSimulator.ActiveCfg = Release|Any CPU
		{9955B4EB-452D-4F16-8330-013AA858ED18}.AppStore|iPhoneSimulator.Build.0 = Release|Any CPU
		{9955B4EB-452D-4F16-8330-013AA858ED18}.AppStore|iPhoneSimulator.Deploy.0 = Release|Any CPU
		{9955B4EB-452D-4F16-8330-013AA858ED18}.AppStore|x64.ActiveCfg = Release|Any CPU
		{9955B4EB-452D-4F16-8330-013AA858ED18}.AppStore|x64.Build.0 = Release|Any CPU
		{9955B4EB-452D-4F16-8330-013AA858ED18}.AppStore|x64.Deploy.0 = Release|Any CPU
		{9955B4EB-452D-4F16-8330-013AA858ED18}.AppStore|x86.ActiveCfg = Release|Any CPU
		{9955B4EB-452D-4F16-8330-013AA858ED18}.AppStore|x86.Build.0 = Release|Any CPU
		{9955B4EB-452D-4F16-8330-013AA858ED18}.AppStore|x86.Deploy.0 = Release|Any CPU
		{9955B4EB-452D-4F16-8330-013AA858ED18}.Debug|Any CPU.ActiveCfg = Debug|Any CPU
		{9955B4EB-452D-4F16-8330-013AA858ED18}.Debug|Any CPU.Build.0 = Debug|Any CPU
		{9955B4EB-452D-4F16-8330-013AA858ED18}.Debug|Any CPU.Deploy.0 = Debug|Any CPU
		{9955B4EB-452D-4F16-8330-013AA858ED18}.Debug|ARM.ActiveCfg = Debug|Any CPU
		{9955B4EB-452D-4F16-8330-013AA858ED18}.Debug|ARM.Build.0 = Debug|Any CPU
		{9955B4EB-452D-4F16-8330-013AA858ED18}.Debug|ARM.Deploy.0 = Debug|Any CPU
		{9955B4EB-452D-4F16-8330-013AA858ED18}.Debug|iPhone.ActiveCfg = Debug|Any CPU
		{9955B4EB-452D-4F16-8330-013AA858ED18}.Debug|iPhone.Build.0 = Debug|Any CPU
		{9955B4EB-452D-4F16-8330-013AA858ED18}.Debug|iPhone.Deploy.0 = Debug|Any CPU
		{9955B4EB-452D-4F16-8330-013AA858ED18}.Debug|iPhoneSimulator.ActiveCfg = Debug|Any CPU
		{9955B4EB-452D-4F16-8330-013AA858ED18}.Debug|iPhoneSimulator.Build.0 = Debug|Any CPU
		{9955B4EB-452D-4F16-8330-013AA858ED18}.Debug|iPhoneSimulator.Deploy.0 = Debug|Any CPU
		{9955B4EB-452D-4F16-8330-013AA858ED18}.Debug|x64.ActiveCfg = Debug|Any CPU
		{9955B4EB-452D-4F16-8330-013AA858ED18}.Debug|x64.Build.0 = Debug|Any CPU
		{9955B4EB-452D-4F16-8330-013AA858ED18}.Debug|x64.Deploy.0 = Debug|Any CPU
		{9955B4EB-452D-4F16-8330-013AA858ED18}.Debug|x86.ActiveCfg = Debug|Any CPU
		{9955B4EB-452D-4F16-8330-013AA858ED18}.Debug|x86.Build.0 = Debug|Any CPU
		{9955B4EB-452D-4F16-8330-013AA858ED18}.Debug|x86.Deploy.0 = Debug|Any CPU
		{9955B4EB-452D-4F16-8330-013AA858ED18}.Release|Any CPU.ActiveCfg = Release|Any CPU
		{9955B4EB-452D-4F16-8330-013AA858ED18}.Release|Any CPU.Build.0 = Release|Any CPU
		{9955B4EB-452D-4F16-8330-013AA858ED18}.Release|Any CPU.Deploy.0 = Release|Any CPU
		{9955B4EB-452D-4F16-8330-013AA858ED18}.Release|ARM.ActiveCfg = Release|Any CPU
		{9955B4EB-452D-4F16-8330-013AA858ED18}.Release|ARM.Build.0 = Release|Any CPU
		{9955B4EB-452D-4F16-8330-013AA858ED18}.Release|ARM.Deploy.0 = Release|Any CPU
		{9955B4EB-452D-4F16-8330-013AA858ED18}.Release|iPhone.ActiveCfg = Release|Any CPU
		{9955B4EB-452D-4F16-8330-013AA858ED18}.Release|iPhone.Build.0 = Release|Any CPU
		{9955B4EB-452D-4F16-8330-013AA858ED18}.Release|iPhone.Deploy.0 = Release|Any CPU
		{9955B4EB-452D-4F16-8330-013AA858ED18}.Release|iPhoneSimulator.ActiveCfg = Release|Any CPU
		{9955B4EB-452D-4F16-8330-013AA858ED18}.Release|iPhoneSimulator.Build.0 = Release|Any CPU
		{9955B4EB-452D-4F16-8330-013AA858ED18}.Release|iPhoneSimulator.Deploy.0 = Release|Any CPU
		{9955B4EB-452D-4F16-8330-013AA858ED18}.Release|x64.ActiveCfg = Release|Any CPU
		{9955B4EB-452D-4F16-8330-013AA858ED18}.Release|x64.Build.0 = Release|Any CPU
		{9955B4EB-452D-4F16-8330-013AA858ED18}.Release|x64.Deploy.0 = Release|Any CPU
		{9955B4EB-452D-4F16-8330-013AA858ED18}.Release|x86.ActiveCfg = Release|Any CPU
		{9955B4EB-452D-4F16-8330-013AA858ED18}.Release|x86.Build.0 = Release|Any CPU
		{9955B4EB-452D-4F16-8330-013AA858ED18}.Release|x86.Deploy.0 = Release|Any CPU
		{B1E2EE18-44FE-44E6-9AF8-2DB6967FBEE8}.Ad-Hoc|Any CPU.ActiveCfg = Ad-Hoc|iPhone
		{B1E2EE18-44FE-44E6-9AF8-2DB6967FBEE8}.Ad-Hoc|ARM.ActiveCfg = Ad-Hoc|iPhone
		{B1E2EE18-44FE-44E6-9AF8-2DB6967FBEE8}.Ad-Hoc|iPhone.ActiveCfg = Ad-Hoc|iPhone
		{B1E2EE18-44FE-44E6-9AF8-2DB6967FBEE8}.Ad-Hoc|iPhone.Build.0 = Ad-Hoc|iPhone
		{B1E2EE18-44FE-44E6-9AF8-2DB6967FBEE8}.Ad-Hoc|iPhoneSimulator.ActiveCfg = Ad-Hoc|iPhoneSimulator
		{B1E2EE18-44FE-44E6-9AF8-2DB6967FBEE8}.Ad-Hoc|iPhoneSimulator.Build.0 = Ad-Hoc|iPhoneSimulator
		{B1E2EE18-44FE-44E6-9AF8-2DB6967FBEE8}.Ad-Hoc|x64.ActiveCfg = Ad-Hoc|iPhone
		{B1E2EE18-44FE-44E6-9AF8-2DB6967FBEE8}.Ad-Hoc|x86.ActiveCfg = Ad-Hoc|iPhone
		{B1E2EE18-44FE-44E6-9AF8-2DB6967FBEE8}.AppStore|Any CPU.ActiveCfg = AppStore|iPhone
		{B1E2EE18-44FE-44E6-9AF8-2DB6967FBEE8}.AppStore|ARM.ActiveCfg = AppStore|iPhone
		{B1E2EE18-44FE-44E6-9AF8-2DB6967FBEE8}.AppStore|iPhone.ActiveCfg = AppStore|iPhone
		{B1E2EE18-44FE-44E6-9AF8-2DB6967FBEE8}.AppStore|iPhone.Build.0 = AppStore|iPhone
		{B1E2EE18-44FE-44E6-9AF8-2DB6967FBEE8}.AppStore|iPhoneSimulator.ActiveCfg = AppStore|iPhoneSimulator
		{B1E2EE18-44FE-44E6-9AF8-2DB6967FBEE8}.AppStore|iPhoneSimulator.Build.0 = AppStore|iPhoneSimulator
		{B1E2EE18-44FE-44E6-9AF8-2DB6967FBEE8}.AppStore|x64.ActiveCfg = AppStore|iPhone
		{B1E2EE18-44FE-44E6-9AF8-2DB6967FBEE8}.AppStore|x86.ActiveCfg = AppStore|iPhone
		{B1E2EE18-44FE-44E6-9AF8-2DB6967FBEE8}.Debug|Any CPU.ActiveCfg = Debug|iPhone
		{B1E2EE18-44FE-44E6-9AF8-2DB6967FBEE8}.Debug|ARM.ActiveCfg = Debug|iPhone
		{B1E2EE18-44FE-44E6-9AF8-2DB6967FBEE8}.Debug|iPhone.ActiveCfg = Debug|iPhone
		{B1E2EE18-44FE-44E6-9AF8-2DB6967FBEE8}.Debug|iPhone.Build.0 = Debug|iPhone
		{B1E2EE18-44FE-44E6-9AF8-2DB6967FBEE8}.Debug|iPhoneSimulator.ActiveCfg = Debug|iPhoneSimulator
		{B1E2EE18-44FE-44E6-9AF8-2DB6967FBEE8}.Debug|iPhoneSimulator.Build.0 = Debug|iPhoneSimulator
		{B1E2EE18-44FE-44E6-9AF8-2DB6967FBEE8}.Debug|x64.ActiveCfg = Debug|iPhone
		{B1E2EE18-44FE-44E6-9AF8-2DB6967FBEE8}.Debug|x86.ActiveCfg = Debug|iPhone
		{B1E2EE18-44FE-44E6-9AF8-2DB6967FBEE8}.Release|Any CPU.ActiveCfg = Release|iPhone
		{B1E2EE18-44FE-44E6-9AF8-2DB6967FBEE8}.Release|ARM.ActiveCfg = Release|iPhone
		{B1E2EE18-44FE-44E6-9AF8-2DB6967FBEE8}.Release|iPhone.ActiveCfg = Release|iPhone
		{B1E2EE18-44FE-44E6-9AF8-2DB6967FBEE8}.Release|iPhone.Build.0 = Release|iPhone
		{B1E2EE18-44FE-44E6-9AF8-2DB6967FBEE8}.Release|iPhoneSimulator.ActiveCfg = Release|iPhoneSimulator
		{B1E2EE18-44FE-44E6-9AF8-2DB6967FBEE8}.Release|iPhoneSimulator.Build.0 = Release|iPhoneSimulator
		{B1E2EE18-44FE-44E6-9AF8-2DB6967FBEE8}.Release|x64.ActiveCfg = Release|iPhone
		{B1E2EE18-44FE-44E6-9AF8-2DB6967FBEE8}.Release|x86.ActiveCfg = Release|iPhone
		{B7E6E657-D931-4B5A-B135-4DE68ACC0251}.Ad-Hoc|Any CPU.ActiveCfg = Release|Any CPU
		{B7E6E657-D931-4B5A-B135-4DE68ACC0251}.Ad-Hoc|Any CPU.Build.0 = Release|Any CPU
		{B7E6E657-D931-4B5A-B135-4DE68ACC0251}.Ad-Hoc|Any CPU.Deploy.0 = Release|Any CPU
		{B7E6E657-D931-4B5A-B135-4DE68ACC0251}.Ad-Hoc|ARM.ActiveCfg = Release|ARM
		{B7E6E657-D931-4B5A-B135-4DE68ACC0251}.Ad-Hoc|ARM.Build.0 = Release|ARM
		{B7E6E657-D931-4B5A-B135-4DE68ACC0251}.Ad-Hoc|ARM.Deploy.0 = Release|ARM
		{B7E6E657-D931-4B5A-B135-4DE68ACC0251}.Ad-Hoc|iPhone.ActiveCfg = Release|Any CPU
		{B7E6E657-D931-4B5A-B135-4DE68ACC0251}.Ad-Hoc|iPhone.Build.0 = Release|Any CPU
		{B7E6E657-D931-4B5A-B135-4DE68ACC0251}.Ad-Hoc|iPhone.Deploy.0 = Release|Any CPU
		{B7E6E657-D931-4B5A-B135-4DE68ACC0251}.Ad-Hoc|iPhoneSimulator.ActiveCfg = Release|Any CPU
		{B7E6E657-D931-4B5A-B135-4DE68ACC0251}.Ad-Hoc|iPhoneSimulator.Build.0 = Release|Any CPU
		{B7E6E657-D931-4B5A-B135-4DE68ACC0251}.Ad-Hoc|iPhoneSimulator.Deploy.0 = Release|Any CPU
		{B7E6E657-D931-4B5A-B135-4DE68ACC0251}.Ad-Hoc|x64.ActiveCfg = Release|Any CPU
		{B7E6E657-D931-4B5A-B135-4DE68ACC0251}.Ad-Hoc|x64.Build.0 = Release|Any CPU
		{B7E6E657-D931-4B5A-B135-4DE68ACC0251}.Ad-Hoc|x64.Deploy.0 = Release|Any CPU
		{B7E6E657-D931-4B5A-B135-4DE68ACC0251}.Ad-Hoc|x86.ActiveCfg = Release|x86
		{B7E6E657-D931-4B5A-B135-4DE68ACC0251}.Ad-Hoc|x86.Build.0 = Release|x86
		{B7E6E657-D931-4B5A-B135-4DE68ACC0251}.Ad-Hoc|x86.Deploy.0 = Release|x86
		{B7E6E657-D931-4B5A-B135-4DE68ACC0251}.AppStore|Any CPU.ActiveCfg = Release|Any CPU
		{B7E6E657-D931-4B5A-B135-4DE68ACC0251}.AppStore|Any CPU.Build.0 = Release|Any CPU
		{B7E6E657-D931-4B5A-B135-4DE68ACC0251}.AppStore|Any CPU.Deploy.0 = Release|Any CPU
		{B7E6E657-D931-4B5A-B135-4DE68ACC0251}.AppStore|ARM.ActiveCfg = Release|ARM
		{B7E6E657-D931-4B5A-B135-4DE68ACC0251}.AppStore|ARM.Build.0 = Release|ARM
		{B7E6E657-D931-4B5A-B135-4DE68ACC0251}.AppStore|ARM.Deploy.0 = Release|ARM
		{B7E6E657-D931-4B5A-B135-4DE68ACC0251}.AppStore|iPhone.ActiveCfg = Release|Any CPU
		{B7E6E657-D931-4B5A-B135-4DE68ACC0251}.AppStore|iPhone.Build.0 = Release|Any CPU
		{B7E6E657-D931-4B5A-B135-4DE68ACC0251}.AppStore|iPhone.Deploy.0 = Release|Any CPU
		{B7E6E657-D931-4B5A-B135-4DE68ACC0251}.AppStore|iPhoneSimulator.ActiveCfg = Release|Any CPU
		{B7E6E657-D931-4B5A-B135-4DE68ACC0251}.AppStore|iPhoneSimulator.Build.0 = Release|Any CPU
		{B7E6E657-D931-4B5A-B135-4DE68ACC0251}.AppStore|iPhoneSimulator.Deploy.0 = Release|Any CPU
		{B7E6E657-D931-4B5A-B135-4DE68ACC0251}.AppStore|x64.ActiveCfg = Release|Any CPU
		{B7E6E657-D931-4B5A-B135-4DE68ACC0251}.AppStore|x64.Build.0 = Release|Any CPU
		{B7E6E657-D931-4B5A-B135-4DE68ACC0251}.AppStore|x64.Deploy.0 = Release|Any CPU
		{B7E6E657-D931-4B5A-B135-4DE68ACC0251}.AppStore|x86.ActiveCfg = Release|x86
		{B7E6E657-D931-4B5A-B135-4DE68ACC0251}.AppStore|x86.Build.0 = Release|x86
		{B7E6E657-D931-4B5A-B135-4DE68ACC0251}.AppStore|x86.Deploy.0 = Release|x86
		{B7E6E657-D931-4B5A-B135-4DE68ACC0251}.Debug|Any CPU.ActiveCfg = Debug|Any CPU
		{B7E6E657-D931-4B5A-B135-4DE68ACC0251}.Debug|Any CPU.Build.0 = Debug|Any CPU
		{B7E6E657-D931-4B5A-B135-4DE68ACC0251}.Debug|Any CPU.Deploy.0 = Debug|Any CPU
		{B7E6E657-D931-4B5A-B135-4DE68ACC0251}.Debug|ARM.ActiveCfg = Debug|ARM
		{B7E6E657-D931-4B5A-B135-4DE68ACC0251}.Debug|ARM.Build.0 = Debug|ARM
		{B7E6E657-D931-4B5A-B135-4DE68ACC0251}.Debug|ARM.Deploy.0 = Debug|ARM
		{B7E6E657-D931-4B5A-B135-4DE68ACC0251}.Debug|iPhone.ActiveCfg = Debug|Any CPU
		{B7E6E657-D931-4B5A-B135-4DE68ACC0251}.Debug|iPhone.Build.0 = Debug|Any CPU
		{B7E6E657-D931-4B5A-B135-4DE68ACC0251}.Debug|iPhone.Deploy.0 = Debug|Any CPU
		{B7E6E657-D931-4B5A-B135-4DE68ACC0251}.Debug|iPhoneSimulator.ActiveCfg = Debug|Any CPU
		{B7E6E657-D931-4B5A-B135-4DE68ACC0251}.Debug|iPhoneSimulator.Build.0 = Debug|Any CPU
		{B7E6E657-D931-4B5A-B135-4DE68ACC0251}.Debug|iPhoneSimulator.Deploy.0 = Debug|Any CPU
		{B7E6E657-D931-4B5A-B135-4DE68ACC0251}.Debug|x64.ActiveCfg = Debug|Any CPU
		{B7E6E657-D931-4B5A-B135-4DE68ACC0251}.Debug|x64.Build.0 = Debug|Any CPU
		{B7E6E657-D931-4B5A-B135-4DE68ACC0251}.Debug|x64.Deploy.0 = Debug|Any CPU
		{B7E6E657-D931-4B5A-B135-4DE68ACC0251}.Debug|x86.ActiveCfg = Debug|x86
		{B7E6E657-D931-4B5A-B135-4DE68ACC0251}.Debug|x86.Build.0 = Debug|x86
		{B7E6E657-D931-4B5A-B135-4DE68ACC0251}.Debug|x86.Deploy.0 = Debug|x86
		{B7E6E657-D931-4B5A-B135-4DE68ACC0251}.Release|Any CPU.ActiveCfg = Release|Any CPU
		{B7E6E657-D931-4B5A-B135-4DE68ACC0251}.Release|Any CPU.Build.0 = Release|Any CPU
		{B7E6E657-D931-4B5A-B135-4DE68ACC0251}.Release|Any CPU.Deploy.0 = Release|Any CPU
		{B7E6E657-D931-4B5A-B135-4DE68ACC0251}.Release|ARM.ActiveCfg = Release|ARM
		{B7E6E657-D931-4B5A-B135-4DE68ACC0251}.Release|ARM.Build.0 = Release|ARM
		{B7E6E657-D931-4B5A-B135-4DE68ACC0251}.Release|ARM.Deploy.0 = Release|ARM
		{B7E6E657-D931-4B5A-B135-4DE68ACC0251}.Release|iPhone.ActiveCfg = Release|Any CPU
		{B7E6E657-D931-4B5A-B135-4DE68ACC0251}.Release|iPhone.Build.0 = Release|Any CPU
		{B7E6E657-D931-4B5A-B135-4DE68ACC0251}.Release|iPhone.Deploy.0 = Release|Any CPU
		{B7E6E657-D931-4B5A-B135-4DE68ACC0251}.Release|iPhoneSimulator.ActiveCfg = Release|Any CPU
		{B7E6E657-D931-4B5A-B135-4DE68ACC0251}.Release|iPhoneSimulator.Build.0 = Release|Any CPU
		{B7E6E657-D931-4B5A-B135-4DE68ACC0251}.Release|iPhoneSimulator.Deploy.0 = Release|Any CPU
		{B7E6E657-D931-4B5A-B135-4DE68ACC0251}.Release|x64.ActiveCfg = Release|Any CPU
		{B7E6E657-D931-4B5A-B135-4DE68ACC0251}.Release|x64.Build.0 = Release|Any CPU
		{B7E6E657-D931-4B5A-B135-4DE68ACC0251}.Release|x64.Deploy.0 = Release|Any CPU
		{B7E6E657-D931-4B5A-B135-4DE68ACC0251}.Release|x86.ActiveCfg = Release|x86
		{B7E6E657-D931-4B5A-B135-4DE68ACC0251}.Release|x86.Build.0 = Release|x86
		{B7E6E657-D931-4B5A-B135-4DE68ACC0251}.Release|x86.Deploy.0 = Release|x86
		{12E214EE-C3E1-4B23-BCB5-FFC996661E74}.Ad-Hoc|Any CPU.ActiveCfg = Release|Any CPU
		{12E214EE-C3E1-4B23-BCB5-FFC996661E74}.Ad-Hoc|Any CPU.Build.0 = Release|Any CPU
		{12E214EE-C3E1-4B23-BCB5-FFC996661E74}.Ad-Hoc|Any CPU.Deploy.0 = Release|Any CPU
		{12E214EE-C3E1-4B23-BCB5-FFC996661E74}.Ad-Hoc|ARM.ActiveCfg = Release|ARM
		{12E214EE-C3E1-4B23-BCB5-FFC996661E74}.Ad-Hoc|ARM.Build.0 = Release|ARM
		{12E214EE-C3E1-4B23-BCB5-FFC996661E74}.Ad-Hoc|ARM.Deploy.0 = Release|ARM
		{12E214EE-C3E1-4B23-BCB5-FFC996661E74}.Ad-Hoc|iPhone.ActiveCfg = Release|Any CPU
		{12E214EE-C3E1-4B23-BCB5-FFC996661E74}.Ad-Hoc|iPhone.Build.0 = Release|Any CPU
		{12E214EE-C3E1-4B23-BCB5-FFC996661E74}.Ad-Hoc|iPhone.Deploy.0 = Release|Any CPU
		{12E214EE-C3E1-4B23-BCB5-FFC996661E74}.Ad-Hoc|iPhoneSimulator.ActiveCfg = Release|Any CPU
		{12E214EE-C3E1-4B23-BCB5-FFC996661E74}.Ad-Hoc|iPhoneSimulator.Build.0 = Release|Any CPU
		{12E214EE-C3E1-4B23-BCB5-FFC996661E74}.Ad-Hoc|iPhoneSimulator.Deploy.0 = Release|Any CPU
		{12E214EE-C3E1-4B23-BCB5-FFC996661E74}.Ad-Hoc|x64.ActiveCfg = Release|x64
		{12E214EE-C3E1-4B23-BCB5-FFC996661E74}.Ad-Hoc|x64.Build.0 = Release|x64
		{12E214EE-C3E1-4B23-BCB5-FFC996661E74}.Ad-Hoc|x64.Deploy.0 = Release|x64
		{12E214EE-C3E1-4B23-BCB5-FFC996661E74}.Ad-Hoc|x86.ActiveCfg = Release|x86
		{12E214EE-C3E1-4B23-BCB5-FFC996661E74}.Ad-Hoc|x86.Build.0 = Release|x86
		{12E214EE-C3E1-4B23-BCB5-FFC996661E74}.Ad-Hoc|x86.Deploy.0 = Release|x86
		{12E214EE-C3E1-4B23-BCB5-FFC996661E74}.AppStore|Any CPU.ActiveCfg = Release|Any CPU
		{12E214EE-C3E1-4B23-BCB5-FFC996661E74}.AppStore|Any CPU.Build.0 = Release|Any CPU
		{12E214EE-C3E1-4B23-BCB5-FFC996661E74}.AppStore|Any CPU.Deploy.0 = Release|Any CPU
		{12E214EE-C3E1-4B23-BCB5-FFC996661E74}.AppStore|ARM.ActiveCfg = Release|ARM
		{12E214EE-C3E1-4B23-BCB5-FFC996661E74}.AppStore|ARM.Build.0 = Release|ARM
		{12E214EE-C3E1-4B23-BCB5-FFC996661E74}.AppStore|ARM.Deploy.0 = Release|ARM
		{12E214EE-C3E1-4B23-BCB5-FFC996661E74}.AppStore|iPhone.ActiveCfg = Release|Any CPU
		{12E214EE-C3E1-4B23-BCB5-FFC996661E74}.AppStore|iPhone.Build.0 = Release|Any CPU
		{12E214EE-C3E1-4B23-BCB5-FFC996661E74}.AppStore|iPhone.Deploy.0 = Release|Any CPU
		{12E214EE-C3E1-4B23-BCB5-FFC996661E74}.AppStore|iPhoneSimulator.ActiveCfg = Release|Any CPU
		{12E214EE-C3E1-4B23-BCB5-FFC996661E74}.AppStore|iPhoneSimulator.Build.0 = Release|Any CPU
		{12E214EE-C3E1-4B23-BCB5-FFC996661E74}.AppStore|iPhoneSimulator.Deploy.0 = Release|Any CPU
		{12E214EE-C3E1-4B23-BCB5-FFC996661E74}.AppStore|x64.ActiveCfg = Release|x64
		{12E214EE-C3E1-4B23-BCB5-FFC996661E74}.AppStore|x64.Build.0 = Release|x64
		{12E214EE-C3E1-4B23-BCB5-FFC996661E74}.AppStore|x64.Deploy.0 = Release|x64
		{12E214EE-C3E1-4B23-BCB5-FFC996661E74}.AppStore|x86.ActiveCfg = Release|x86
		{12E214EE-C3E1-4B23-BCB5-FFC996661E74}.AppStore|x86.Build.0 = Release|x86
		{12E214EE-C3E1-4B23-BCB5-FFC996661E74}.AppStore|x86.Deploy.0 = Release|x86
		{12E214EE-C3E1-4B23-BCB5-FFC996661E74}.Debug|Any CPU.ActiveCfg = Debug|Any CPU
		{12E214EE-C3E1-4B23-BCB5-FFC996661E74}.Debug|Any CPU.Build.0 = Debug|Any CPU
		{12E214EE-C3E1-4B23-BCB5-FFC996661E74}.Debug|Any CPU.Deploy.0 = Debug|Any CPU
		{12E214EE-C3E1-4B23-BCB5-FFC996661E74}.Debug|ARM.ActiveCfg = Debug|ARM
		{12E214EE-C3E1-4B23-BCB5-FFC996661E74}.Debug|ARM.Build.0 = Debug|ARM
		{12E214EE-C3E1-4B23-BCB5-FFC996661E74}.Debug|ARM.Deploy.0 = Debug|ARM
		{12E214EE-C3E1-4B23-BCB5-FFC996661E74}.Debug|iPhone.ActiveCfg = Debug|Any CPU
		{12E214EE-C3E1-4B23-BCB5-FFC996661E74}.Debug|iPhone.Build.0 = Debug|Any CPU
		{12E214EE-C3E1-4B23-BCB5-FFC996661E74}.Debug|iPhone.Deploy.0 = Debug|Any CPU
		{12E214EE-C3E1-4B23-BCB5-FFC996661E74}.Debug|iPhoneSimulator.ActiveCfg = Debug|Any CPU
		{12E214EE-C3E1-4B23-BCB5-FFC996661E74}.Debug|iPhoneSimulator.Build.0 = Debug|Any CPU
		{12E214EE-C3E1-4B23-BCB5-FFC996661E74}.Debug|iPhoneSimulator.Deploy.0 = Debug|Any CPU
		{12E214EE-C3E1-4B23-BCB5-FFC996661E74}.Debug|x64.ActiveCfg = Debug|x64
		{12E214EE-C3E1-4B23-BCB5-FFC996661E74}.Debug|x64.Build.0 = Debug|x64
		{12E214EE-C3E1-4B23-BCB5-FFC996661E74}.Debug|x64.Deploy.0 = Debug|x64
		{12E214EE-C3E1-4B23-BCB5-FFC996661E74}.Debug|x86.ActiveCfg = Debug|x86
		{12E214EE-C3E1-4B23-BCB5-FFC996661E74}.Debug|x86.Build.0 = Debug|x86
		{12E214EE-C3E1-4B23-BCB5-FFC996661E74}.Debug|x86.Deploy.0 = Debug|x86
		{12E214EE-C3E1-4B23-BCB5-FFC996661E74}.Release|Any CPU.ActiveCfg = Release|Any CPU
		{12E214EE-C3E1-4B23-BCB5-FFC996661E74}.Release|Any CPU.Build.0 = Release|Any CPU
		{12E214EE-C3E1-4B23-BCB5-FFC996661E74}.Release|Any CPU.Deploy.0 = Release|Any CPU
		{12E214EE-C3E1-4B23-BCB5-FFC996661E74}.Release|ARM.ActiveCfg = Release|ARM
		{12E214EE-C3E1-4B23-BCB5-FFC996661E74}.Release|ARM.Build.0 = Release|ARM
		{12E214EE-C3E1-4B23-BCB5-FFC996661E74}.Release|ARM.Deploy.0 = Release|ARM
		{12E214EE-C3E1-4B23-BCB5-FFC996661E74}.Release|iPhone.ActiveCfg = Release|Any CPU
		{12E214EE-C3E1-4B23-BCB5-FFC996661E74}.Release|iPhone.Build.0 = Release|Any CPU
		{12E214EE-C3E1-4B23-BCB5-FFC996661E74}.Release|iPhone.Deploy.0 = Release|Any CPU
		{12E214EE-C3E1-4B23-BCB5-FFC996661E74}.Release|iPhoneSimulator.ActiveCfg = Release|Any CPU
		{12E214EE-C3E1-4B23-BCB5-FFC996661E74}.Release|iPhoneSimulator.Build.0 = Release|Any CPU
		{12E214EE-C3E1-4B23-BCB5-FFC996661E74}.Release|iPhoneSimulator.Deploy.0 = Release|Any CPU
		{12E214EE-C3E1-4B23-BCB5-FFC996661E74}.Release|x64.ActiveCfg = Release|x64
		{12E214EE-C3E1-4B23-BCB5-FFC996661E74}.Release|x64.Build.0 = Release|x64
		{12E214EE-C3E1-4B23-BCB5-FFC996661E74}.Release|x64.Deploy.0 = Release|x64
		{12E214EE-C3E1-4B23-BCB5-FFC996661E74}.Release|x86.ActiveCfg = Release|x86
		{12E214EE-C3E1-4B23-BCB5-FFC996661E74}.Release|x86.Build.0 = Release|x86
		{12E214EE-C3E1-4B23-BCB5-FFC996661E74}.Release|x86.Deploy.0 = Release|x86
	EndGlobalSection
	GlobalSection(SolutionProperties) = preSolution
		HideSolutionNode = FALSE
	EndGlobalSection
EndGlobal
